
Microsoft Visual Studio Solution File, Format Version 12.00
# Visual Studio Version 16
VisualStudioVersion = 16.0.29326.143
MinimumVisualStudioVersion = 10.0.40219.1
Project("{FAE04EC0-301F-11D3-BF4B-00C04F79EFBC}") = "4_en_raya", "4_en_raya\4_en_raya.csproj", "{D297724B-9B9D-492C-BCA2-76FB9B813ACE}"
EndProject
Global
	GlobalSection(SolutionConfigurationPlatforms) = preSolution
		Debug|Any CPU = Debug|Any CPU
		Release|Any CPU = Release|Any CPU
	EndGlobalSection
	GlobalSection(ProjectConfigurationPlatforms) = postSolution
		{D297724B-9B9D-492C-BCA2-76FB9B813ACE}.Debug|Any CPU.ActiveCfg = Debug|Any CPU
		{D297724B-9B9D-492C-BCA2-76FB9B813ACE}.Debug|Any CPU.Build.0 = Debug|Any CPU
		{D297724B-9B9D-492C-BCA2-76FB9B813ACE}.Release|Any CPU.ActiveCfg = Release|Any CPU
		{D297724B-9B9D-492C-BCA2-76FB9B813ACE}.Release|Any CPU.Build.0 = Release|Any CPU
	EndGlobalSection
	GlobalSection(SolutionProperties) = preSolution
		HideSolutionNode = FALSE
	EndGlobalSection
	GlobalSection(ExtensibilityGlobals) = postSolution
		SolutionGuid = {955DC4B8-6FFE-4E5D-BED4-9A83231331A6}
	EndGlobalSection
EndGlobal
